github.com/gethugothemes/hugo-modules/accordion v0.0.0-20231213094845-42e6b5af6245 h1:9tSrIkBGfPR8bTfFxa3NS55wcOCI7C41nvpNml0JbLs=
github.com/gethugothemes/hugo-modules/accordion v0.0.0-20231213094845-42e6b5af6245/go.mod h1:D4DpauKPDcUHI9CVKYmJeO6bkSJIhUN864TyXZ2o0VI=
github.com/gethugothemes/hugo-modules/adsense v0.0.0-20231213094845-42e6b5af6245 h1:b/lYpUizfz42gOvLNgZG6l5/NMEpX7t/t7v1QulJeuM=
github.com/gethugothemes/hugo-modules/adsense v0.0.0-20231213094845-42e6b5af6245/go.mod h1:8p/gG/cyyu20z4q5cFN/JGE5TOFA55Xsp+aIP9KCsqo=
github.com/gethugothemes/hugo-modules/components/cookie-consent v0.0.0-20231213094845-42e6b5af6245 h1:jevtof4T+4KxCvzZ0wT9i50G+N6+4eC2ZKi96dv6K9w=
github.com/gethugothemes/hugo-modules/components/cookie-consent v0.0.0-20231213094845-42e6b5af6245/go.mod h1:511ERLpGe3ZTfV2z/NAtUSR5NqKF26h9z5lU/zYV4YQ=
github.com/gethugothemes/hugo-modules/components/custom-script v0.0.0-20231213094845-42e6b5af6245 h1:boVHta+Ybndbc1/oPIcWepLQR9DQw+Ah54/GVmbXPDo=
github.com/gethugothemes/hugo-modules/components/custom-script v0.0.0-20231213094845-42e6b5af6245/go.mod h1:RuDHq4WnK8sNEzAIJr4BZQ7oXhzcct/EKaAxc2Xvi9E=
github.com/gethugothemes/hugo-modules/components/preloader v0.0.0-20231213094845-42e6b5af6245 h1:8PdGTyuwDYZ5WFiQB+E/NnEK97mmb2cgGnffxrlVEos=
github.com/gethugothemes/hugo-modules/components/preloader v0.0.0-20231213094845-42e6b5af6245/go.mod h1:FP0iQ3tMOesuWFZhLst2KEvUEYPb5Jk1GW+QBP9lrwg=
github.com/gethugothemes/hugo-modules/components/render-link v0.0.0-20231213094845-42e6b5af6245 h1:RtJEEqNyP1Q/Gn9Wxq7GzG2/bZjEeU7IzX9ZkFNTQqo=
github.com/gethugothemes/hugo-modules/components/render-link v0.0.0-20231213094845-42e6b5af6245/go.mod h1:z3YcIeEBUonAoRDY1/Jv1ojNVkZ5ud35a0Nn8L4Inx0=
github.com/gethugothemes/hugo-modules/components/social-share v0.0.0-20231213094845-42e6b5af6245 h1:L+8uK5PY8Mlh9fThkxchWzuMz33m08/ydAuV2djkCDQ=
github.com/gethugothemes/hugo-modules/components/social-share v0.0.0-20231213094845-42e6b5af6245/go.mod h1:Gcj4RM/EBECsJMZnPeWjfy/1roRYGqzV9GYNmeHkvFA=
github.com/gethugothemes/hugo-modules/gallery-slider v0.0.0-20231213094845-42e6b5af6245 h1:E4vUfHFd78Oji7FccNlJuQDEUbV24q2w5+KaE62/GXk=
github.com/gethugothemes/hugo-modules/gallery-slider v0.0.0-20231213094845-42e6b5af6245/go.mod h1:MvQ2js/ofZ22CTX5wuvE+dC0rMe6C5HAWL2fEOu/yzE=
github.com/gethugothemes/hugo-modules/gzip-caching v0.0.0-20231213094845-42e6b5af6245 h1:ANCgQrYSreRUp5MDAqwpq+wBEr/EoAL3BCt/nMGDwUs=
github.com/gethugothemes/hugo-modules/gzip-caching v0.0.0-20231213094845-42e6b5af6245/go.mod h1:0ZMjTZVG4XLZU2/icc8Saqo4mmgMpfRTrUZU2Aa2Pwg=
github.com/gethugothemes/hugo-modules/icons/font-awesome v0.0.0-20231213094845-42e6b5af6245 h1:sRYPlPiTsYoh3Xe5z242VIOTHgvXGhg5ZG8t6y1C4x0=
github.com/gethugothemes/hugo-modules/icons/font-awesome v0.0.0-20231213094845-42e6b5af6245/go.mod h1:d3gy1vQyfasPmGpau7HpQLrXbOv23PfXclSnjyOBxeU=
github.com/gethugothemes/hugo-modules/images v0.0.0-20231213094845-42e6b5af6245 h1:MhWZRggJwF7UCJnVPRszKCC7GfY03DJIr7xhRN9OZms=
github.com/gethugothemes/hugo-modules/images v0.0.0-20231213094845-42e6b5af6245/go.mod h1:FKliP3qOW9diIcQeLtyZ0Hdhg3PL8bdAkC/6O+XtU90=
github.com/gethugothemes/hugo-modules/modal v0.0.0-20231213094845-42e6b5af6245 h1:x+3HvArWI+P/SXtCdTEedL1M846yKmm6yqfTfYdaAXY=
github.com/gethugothemes/hugo-modules/modal v0.0.0-20231213094845-42e6b5af6245/go.mod h1:Eb9v7oV6biymfvjcBhQdvgn0gUGYhUtfCMeOBLFpFsk=
github.com/gethugothemes/hugo-modules/pwa v0.0.0-20231213094845-42e6b5af6245 h1:/Y+ux3TIvOxsntuvRQRhZtFBxnxm840Nb3ANpXt1qeY=
github.com/gethugothemes/hugo-modules/pwa v0.0.0-20231213094845-42e6b5af6245/go.mod h1:TRv7iszdfo37O1PbBEE+S8X/enAdpRIxK5DGrp13Qbo=
github.com/gethugothemes/hugo-modules/search v0.0.0-20231213094845-42e6b5af6245 h1:EyjNSnbK5JRxpHiY+ShqVr9rrInV7yXjcAtyszK03o8=
github.com/gethugothemes/hugo-modules/search v0.0.0-20231213094845-42e6b5af6245/go.mod h1:tmDvLaZCM+QDvS/WLZXNjY1QTdWh7/68D2wIToECbyA=
github.com/gethugothemes/hugo-modules/seo-tools/basic-seo v0.0.0-20231213094845-42e6b5af6245 h1:dOTZ1uIXEcDrjRXjAqbL9jzrJOPhfV+QX+ltQF6bCIk=
github.com/gethugothemes/hugo-modules/seo-tools/basic-seo v0.0.0-20231213094845-42e6b5af6245/go.mod h1:Q8dPgjamV7pxwKSQyWV21Xwh5CGi23/k+M8HPTphYbs=
github.com/gethugothemes/hugo-modules/seo-tools/google-tag-manager v0.0.0-20231213094845-42e6b5af6245 h1:ZSRXgCP2E8h4wER/PP0KkmwDCGCS7eHJUGkyeYzpUfw=
github.com/gethugothemes/hugo-modules/seo-tools/google-tag-manager v0.0.0-20231213094845-42e6b5af6245/go.mod h1:cCq50yd55eFTrpqOfeyOK5X0hU5E7qxsqOD7IzTsgLA=
github.com/gethugothemes/hugo-modules/seo-tools/site-verifications v0.0.0-20231213094845-42e6b5af6245 h1:rDYwVXPWaiyLw1JJt4TnuUT76+/3apDZcdEkCJm3lfU=
github.com/gethugothemes/hugo-modules/seo-tools/site-verifications v0.0.0-20231213094845-42e6b5af6245/go.mod h1:iXielaya126qJscz7Bc2G2WB91moloQOoWru6UoBUyE=
github.com/gethugothemes/hugo-modules/shortcodes/button v0.0.0-20231213094845-42e6b5af6245 h1:GVkDcn6V+WQMUqyktChnejbbuo4sE4/Ogol8THcHyGI=
github.com/gethugothemes/hugo-modules/shortcodes/button v0.0.0-20231213094845-42e6b5af6245/go.mod h1:MSvxGvjvcGUKTs6YMATU/9kYFrzW+VSVdy4CCOQLdsY=
github.com/gethugothemes/hugo-modules/shortcodes/notice v0.0.0-20231213094845-42e6b5af6245 h1:4neiYnOMzteuBpUwxAYJhvCB+DvIwUi/12z5IjVjG+U=
github.com/gethugothemes/hugo-modules/shortcodes/notice v0.0.0-20231213094845-42e6b5af6245/go.mod h1:ljWyMJx82WA+6SlKjbGFhEdxcriyvUTCjXkJHDa4lho=
github.com/gethugothemes/hugo-modules/tab v0.0.0-20231213094845-42e6b5af6245 h1:zEn/y44HP9EyuRhXU/ZfhDVqwa2AU9M9gyVlv7Ik6mo=
github.com/gethugothemes/hugo-modules/tab v0.0.0-20231213094845-42e6b5af6245/go.mod h1:h3UxlxrFoU19JldxWLPBKaTZFe3AJtABrqo1wfxr+Ng=
github.com/gethugothemes/hugo-modules/table-of-contents v0.0.0-20231213094845-42e6b5af6245 h1:i3ITv7hp/09NXPOcBgrrvVPWddPFwHs7L1kiVzZvo4M=
github.com/gethugothemes/hugo-modules/table-of-contents v0.0.0-20231213094845-42e6b5af6245/go.mod h1:bEDw4veccQQQYEdVrfu13ATRUWfW8ptDIjJZuhYh4Tw=
github.com/gethugothemes/hugo-modules/videos v0.0.0-20231213094845-42e6b5af6245 h1:xUHFa5VxCjr60mCM3xw5V2Zys/+e5m5u+Zh0f8YGKkI=
github.com/gethugothemes/hugo-modules/videos v0.0.0-20231213094845-42e6b5af6245/go.mod h1:P722lLWdnNhdZVq6gvMrOLqECUwrAYQWaOWlChta5H0=
github.com/zeon-studio/hugoplate v0.0.0-20231212055432-69f6cdc7aa00 h1:byYlxdUvCiGXJNhxyO/riCNClPvD3y1ThS4ukDymsoA=
github.com/zeon-studio/hugoplate v0.0.0-20231212055432-69f6cdc7aa00/go.mod h1:YlRIwdTWidquf1dhtx+mDfu0I3KVrVQB4wi4UmHlK3E=
